
Microsoft Visual Studio Solution File, Format Version 12.00
# Visual Studio Version 16
VisualStudioVersion = 16.0.31729.503
MinimumVisualStudioVersion = 10.0.40219.1
Project("{FAE04EC0-301F-11D3-BF4B-00C04F79EFBC}") = "ChattingServer", "ChattingProgram\ChattingServer.csproj", "{BA35959A-2C6F-4F45-A7D6-7235E8333A57}"
EndProject
Project("{FAE04EC0-301F-11D3-BF4B-00C04F79EFBC}") = "ChattingClient", "ChattingClient\ChattingClient.csproj", "{BE033E0D-9EED-4328-A31F-354F55C8FD2E}"
EndProject
Global
	GlobalSection(SolutionConfigurationPlatforms) = preSolution
		Debug|Any CPU = Debug|Any CPU
		Release|Any CPU = Release|Any CPU
	EndGlobalSection
	GlobalSection(ProjectConfigurationPlatforms) = postSolution
		{BA35959A-2C6F-4F45-A7D6-7235E8333A57}.Debug|Any CPU.ActiveCfg = Debug|Any CPU
		{BA35959A-2C6F-4F45-A7D6-7235E8333A57}.Debug|Any CPU.Build.0 = Debug|Any CPU
		{BA35959A-2C6F-4F45-A7D6-7235E8333A57}.Release|Any CPU.ActiveCfg = Release|Any CPU
		{BA35959A-2C6F-4F45-A7D6-7235E8333A57}.Release|Any CPU.Build.0 = Release|Any CPU
		{BE033E0D-9EED-4328-A31F-354F55C8FD2E}.Debug|Any CPU.ActiveCfg = Debug|Any CPU
		{BE033E0D-9EED-4328-A31F-354F55C8FD2E}.Debug|Any CPU.Build.0 = Debug|Any CPU
		{BE033E0D-9EED-4328-A31F-354F55C8FD2E}.Release|Any CPU.ActiveCfg = Release|Any CPU
		{BE033E0D-9EED-4328-A31F-354F55C8FD2E}.Release|Any CPU.Build.0 = Release|Any CPU
	EndGlobalSection
	GlobalSection(SolutionProperties) = preSolution
		HideSolutionNode = FALSE
	EndGlobalSection
	GlobalSection(ExtensibilityGlobals) = postSolution
		SolutionGuid = {78776C8F-F933-4612-9538-2D072620D3A0}
	EndGlobalSection
EndGlobal
